
Microsoft Visual Studio Solution File, Format Version 12.00
# Visual Studio Version 17
VisualStudioVersion = 17.5.33414.496
MinimumVisualStudioVersion = 10.0.40219.1
Project("{FAE04EC0-301F-11D3-BF4B-00C04F79EFBC}") = "Resort Mangement System", "Resort Mangement System\Resort Mangement System.csproj", "{A69DFF5A-A847-46E7-A420-7DF5CBE724A5}"
EndProject
Global
	GlobalSection(SolutionConfigurationPlatforms) = preSolution
		Debug|Any CPU = Debug|Any CPU
		Release|Any CPU = Release|Any CPU
	EndGlobalSection
	GlobalSection(ProjectConfigurationPlatforms) = postSolution
		{A69DFF5A-A847-46E7-A420-7DF5CBE724A5}.Debug|Any CPU.ActiveCfg = Debug|Any CPU
		{A69DFF5A-A847-46E7-A420-7DF5CBE724A5}.Debug|Any CPU.Build.0 = Debug|Any CPU
		{A69DFF5A-A847-46E7-A420-7DF5CBE724A5}.Release|Any CPU.ActiveCfg = Release|Any CPU
		{A69DFF5A-A847-46E7-A420-7DF5CBE724A5}.Release|Any CPU.Build.0 = Release|Any CPU
	EndGlobalSection
	GlobalSection(SolutionProperties) = preSolution
		HideSolutionNode = FALSE
	EndGlobalSection
	GlobalSection(ExtensibilityGlobals) = postSolution
		SolutionGuid = {1164E07B-7E1C-455F-8B78-BCF92DA864E4}
	EndGlobalSection
EndGlobal
